
Microsoft Visual Studio Solution File, Format Version 12.00
# Visual Studio Version 16
VisualStudioVersion = 16.0.30804.86
MinimumVisualStudioVersion = 10.0.40219.1
Project("{FAE04EC0-301F-11D3-BF4B-00C04F79EFBC}") = "LinQ ćwiczenie", "LinQ ćwiczenie\LinQ ćwiczenie.csproj", "{B6BB10C1-CF0D-4FA0-A0B2-643AB49A6563}"
EndProject
Global
	GlobalSection(SolutionConfigurationPlatforms) = preSolution
		Debug|Any CPU = Debug|Any CPU
		Release|Any CPU = Release|Any CPU
	EndGlobalSection
	GlobalSection(ProjectConfigurationPlatforms) = postSolution
		{B6BB10C1-CF0D-4FA0-A0B2-643AB49A6563}.Debug|Any CPU.ActiveCfg = Debug|Any CPU
		{B6BB10C1-CF0D-4FA0-A0B2-643AB49A6563}.Debug|Any CPU.Build.0 = Debug|Any CPU
		{B6BB10C1-CF0D-4FA0-A0B2-643AB49A6563}.Release|Any CPU.ActiveCfg = Release|Any CPU
		{B6BB10C1-CF0D-4FA0-A0B2-643AB49A6563}.Release|Any CPU.Build.0 = Release|Any CPU
	EndGlobalSection
	GlobalSection(SolutionProperties) = preSolution
		HideSolutionNode = FALSE
	EndGlobalSection
	GlobalSection(ExtensibilityGlobals) = postSolution
		SolutionGuid = {FACAA8B5-0249-4CA8-8AAB-970326FB7BD4}
	EndGlobalSection
EndGlobal
